{
  "name": "Web-E-Donate",
  "lockfileVersion": 3,
  "requires": true,
  "packages": {
    "": {
      "dependencies": {
        "css-ui-lib": "^1.0.0"
      }
    },
    "node_modules/css-ui-lib": {
      "version": "1.0.0",
      "resolved": "https://registry.npmjs.org/css-ui-lib/-/css-ui-lib-1.0.0.tgz",
      "integrity": "sha512-ag8oZSJkNEK6V75/86+s14H1vNTumfVwDlIi94vCcNnrNZwMDLlioAW/wTwCMQ2OakeDscGCzNWIiPcsTiDaRw=="
    }
  }
}
